
Microsoft Visual Studio Solution File, Format Version 12.00
# Visual Studio Version 17
VisualStudioVersion = 17.3.32901.215
MinimumVisualStudioVersion = 10.0.40219.1
Project("{FAE04EC0-301F-11D3-BF4B-00C04F79EFBC}") = "15.10.22_Quizz", "15.10.22_Quizz\15.10.22_Quizz.csproj", "{3704C73D-4F14-455A-8ADA-65E0674F9D9F}"
EndProject
Global
	GlobalSection(SolutionConfigurationPlatforms) = preSolution
		Debug|Any CPU = Debug|Any CPU
		Release|Any CPU = Release|Any CPU
	EndGlobalSection
	GlobalSection(ProjectConfigurationPlatforms) = postSolution
		{3704C73D-4F14-455A-8ADA-65E0674F9D9F}.Debug|Any CPU.ActiveCfg = Debug|Any CPU
		{3704C73D-4F14-455A-8ADA-65E0674F9D9F}.Debug|Any CPU.Build.0 = Debug|Any CPU
		{3704C73D-4F14-455A-8ADA-65E0674F9D9F}.Release|Any CPU.ActiveCfg = Release|Any CPU
		{3704C73D-4F14-455A-8ADA-65E0674F9D9F}.Release|Any CPU.Build.0 = Release|Any CPU
	EndGlobalSection
	GlobalSection(SolutionProperties) = preSolution
		HideSolutionNode = FALSE
	EndGlobalSection
	GlobalSection(ExtensibilityGlobals) = postSolution
		SolutionGuid = {8B63504D-7610-4E96-BAE8-921E933E9FAA}
	EndGlobalSection
EndGlobal
