
Microsoft Visual Studio Solution File, Format Version 12.00
# Visual Studio Version 17
VisualStudioVersion = 17.3.32901.215
MinimumVisualStudioVersion = 10.0.40219.1
Project("{FAE04EC0-301F-11D3-BF4B-00C04F79EFBC}") = "TQuiz_Okroshidze", "TQuiz_Okroshidze\TQuiz_Okroshidze.csproj", "{57EFDA1F-17AA-492E-9DF2-0FCE0040066D}"
EndProject
Global
	GlobalSection(SolutionConfigurationPlatforms) = preSolution
		Debug|Any CPU = Debug|Any CPU
		Release|Any CPU = Release|Any CPU
	EndGlobalSection
	GlobalSection(ProjectConfigurationPlatforms) = postSolution
		{57EFDA1F-17AA-492E-9DF2-0FCE0040066D}.Debug|Any CPU.ActiveCfg = Debug|Any CPU
		{57EFDA1F-17AA-492E-9DF2-0FCE0040066D}.Debug|Any CPU.Build.0 = Debug|Any CPU
		{57EFDA1F-17AA-492E-9DF2-0FCE0040066D}.Release|Any CPU.ActiveCfg = Release|Any CPU
		{57EFDA1F-17AA-492E-9DF2-0FCE0040066D}.Release|Any CPU.Build.0 = Release|Any CPU
	EndGlobalSection
	GlobalSection(SolutionProperties) = preSolution
		HideSolutionNode = FALSE
	EndGlobalSection
	GlobalSection(ExtensibilityGlobals) = postSolution
		SolutionGuid = {0647C6F2-553E-4723-AD37-8C0457736782}
	EndGlobalSection
EndGlobal
